
Microsoft Visual Studio Solution File, Format Version 12.00
# Visual Studio Version 17
VisualStudioVersion = 17.5.33530.505
MinimumVisualStudioVersion = 10.0.40219.1
Project("{FAE04EC0-301F-11D3-BF4B-00C04F79EFBC}") = "AdoDotNet", "AdoDotNet\AdoDotNet.csproj", "{9F1C5316-5C81-448F-829D-EF38A87F361A}"
EndProject
Global
	GlobalSection(SolutionConfigurationPlatforms) = preSolution
		Debug|Any CPU = Debug|Any CPU
		Release|Any CPU = Release|Any CPU
	EndGlobalSection
	GlobalSection(ProjectConfigurationPlatforms) = postSolution
		{9F1C5316-5C81-448F-829D-EF38A87F361A}.Debug|Any CPU.ActiveCfg = Debug|Any CPU
		{9F1C5316-5C81-448F-829D-EF38A87F361A}.Debug|Any CPU.Build.0 = Debug|Any CPU
		{9F1C5316-5C81-448F-829D-EF38A87F361A}.Release|Any CPU.ActiveCfg = Release|Any CPU
		{9F1C5316-5C81-448F-829D-EF38A87F361A}.Release|Any CPU.Build.0 = Release|Any CPU
	EndGlobalSection
	GlobalSection(SolutionProperties) = preSolution
		HideSolutionNode = FALSE
	EndGlobalSection
	GlobalSection(ExtensibilityGlobals) = postSolution
		SolutionGuid = {AF656BEF-161A-436B-98CF-E883F2589441}
	EndGlobalSection
EndGlobal
